
Microsoft Visual Studio Solution File, Format Version 12.00
# Visual Studio Version 17
VisualStudioVersion = 17.14.36429.23
MinimumVisualStudioVersion = 10.0.40219.1
Project("{2150E333-8FDC-42A3-9474-1A3956D46DE8}") = "Library", "Library", "{02EA681E-C7D8-13C7-8484-4AC65E1B71E8}"
EndProject
Project("{2150E333-8FDC-42A3-9474-1A3956D46DE8}") = "Applications", "Applications", "{FC9C4FB9-8074-404C-BAFA-C5C5D3879A30}"
EndProject
Project("{FAE04EC0-301F-11D3-BF4B-00C04F79EFBC}") = "SV22T1020811.Admin", "SV22T1020811.Admin\SV22T1020811.Admin.csproj", "{D8505982-037C-4A47-B66D-7A08F515419E}"
EndProject
Project("{FAE04EC0-301F-11D3-BF4B-00C04F79EFBC}") = "SV22T1020811.Shop", "SV22T1020811.Shop\SV22T1020811.Shop.csproj", "{1FA6BFC5-F817-4E6B-A4C4-06915414BD52}"
EndProject
Project("{FAE04EC0-301F-11D3-BF4B-00C04F79EFBC}") = "SV22T1020811.Models", "SV22T1020811.Models\SV22T1020811.Models.csproj", "{EA6B1478-AC70-4989-ABA8-EE2FD0F25D27}"
EndProject
Project("{FAE04EC0-301F-11D3-BF4B-00C04F79EFBC}") = "SV22T1020811.BuisnessLayers", "SV22T1020811.BuisnessLayers\SV22T1020811.BuisnessLayers.csproj", "{A8866C43-3D9F-4A33-93CF-684984DE4341}"
EndProject
Project("{FAE04EC0-301F-11D3-BF4B-00C04F79EFBC}") = "SV22T1020811.DataLayers", "SV22T1020811.DataLayers\SV22T1020811.DataLayers.csproj", "{442FC77A-1FE3-4136-9312-3D15365A72E2}"
EndProject
Global
	GlobalSection(SolutionConfigurationPlatforms) = preSolution
		Debug|Any CPU = Debug|Any CPU
		Release|Any CPU = Release|Any CPU
	EndGlobalSection
	GlobalSection(ProjectConfigurationPlatforms) = postSolution
		{D8505982-037C-4A47-B66D-7A08F515419E}.Debug|Any CPU.ActiveCfg = Debug|Any CPU
		{D8505982-037C-4A47-B66D-7A08F515419E}.Debug|Any CPU.Build.0 = Debug|Any CPU
		{D8505982-037C-4A47-B66D-7A08F515419E}.Release|Any CPU.ActiveCfg = Release|Any CPU
		{D8505982-037C-4A47-B66D-7A08F515419E}.Release|Any CPU.Build.0 = Release|Any CPU
		{1FA6BFC5-F817-4E6B-A4C4-06915414BD52}.Debug|Any CPU.ActiveCfg = Debug|Any CPU
		{1FA6BFC5-F817-4E6B-A4C4-06915414BD52}.Debug|Any CPU.Build.0 = Debug|Any CPU
		{1FA6BFC5-F817-4E6B-A4C4-06915414BD52}.Release|Any CPU.ActiveCfg = Release|Any CPU
		{1FA6BFC5-F817-4E6B-A4C4-06915414BD52}.Release|Any CPU.Build.0 = Release|Any CPU
		{EA6B1478-AC70-4989-ABA8-EE2FD0F25D27}.Debug|Any CPU.ActiveCfg = Debug|Any CPU
		{EA6B1478-AC70-4989-ABA8-EE2FD0F25D27}.Debug|Any CPU.Build.0 = Debug|Any CPU
		{EA6B1478-AC70-4989-ABA8-EE2FD0F25D27}.Release|Any CPU.ActiveCfg = Release|Any CPU
		{EA6B1478-AC70-4989-ABA8-EE2FD0F25D27}.Release|Any CPU.Build.0 = Release|Any CPU
		{A8866C43-3D9F-4A33-93CF-684984DE4341}.Debug|Any CPU.ActiveCfg = Debug|Any CPU
		{A8866C43-3D9F-4A33-93CF-684984DE4341}.Debug|Any CPU.Build.0 = Debug|Any CPU
		{A8866C43-3D9F-4A33-93CF-684984DE4341}.Release|Any CPU.ActiveCfg = Release|Any CPU
		{A8866C43-3D9F-4A33-93CF-684984DE4341}.Release|Any CPU.Build.0 = Release|Any CPU
		{442FC77A-1FE3-4136-9312-3D15365A72E2}.Debug|Any CPU.ActiveCfg = Debug|Any CPU
		{442FC77A-1FE3-4136-9312-3D15365A72E2}.Debug|Any CPU.Build.0 = Debug|Any CPU
		{442FC77A-1FE3-4136-9312-3D15365A72E2}.Release|Any CPU.ActiveCfg = Release|Any CPU
		{442FC77A-1FE3-4136-9312-3D15365A72E2}.Release|Any CPU.Build.0 = Release|Any CPU
	EndGlobalSection
	GlobalSection(SolutionProperties) = preSolution
		HideSolutionNode = FALSE
	EndGlobalSection
	GlobalSection(NestedProjects) = preSolution
		{D8505982-037C-4A47-B66D-7A08F515419E} = {FC9C4FB9-8074-404C-BAFA-C5C5D3879A30}
		{1FA6BFC5-F817-4E6B-A4C4-06915414BD52} = {FC9C4FB9-8074-404C-BAFA-C5C5D3879A30}
		{EA6B1478-AC70-4989-ABA8-EE2FD0F25D27} = {02EA681E-C7D8-13C7-8484-4AC65E1B71E8}
		{A8866C43-3D9F-4A33-93CF-684984DE4341} = {02EA681E-C7D8-13C7-8484-4AC65E1B71E8}
		{442FC77A-1FE3-4136-9312-3D15365A72E2} = {02EA681E-C7D8-13C7-8484-4AC65E1B71E8}
	EndGlobalSection
	GlobalSection(ExtensibilityGlobals) = postSolution
		SolutionGuid = {F142AFB5-483C-4BFA-ACE7-1C3AAE1EE865}
	EndGlobalSection
EndGlobal
